
Microsoft Visual Studio Solution File, Format Version 12.00
# Visual Studio Version 17
VisualStudioVersion = 17.0.31903.59
MinimumVisualStudioVersion = 10.0.40219.1
Project("{FAE04EC0-301F-11D3-BF4B-00C04F79EFBC}") = "Ucenik zadatak(vezbanjetest)", "Ucenik zadatak(vezbanjetest)\Ucenik zadatak(vezbanjetest).csproj", "{E1911A84-B138-4655-A90E-875EE073CE2D}"
EndProject
Global
	GlobalSection(SolutionConfigurationPlatforms) = preSolution
		Debug|Any CPU = Debug|Any CPU
		Release|Any CPU = Release|Any CPU
	EndGlobalSection
	GlobalSection(ProjectConfigurationPlatforms) = postSolution
		{E1911A84-B138-4655-A90E-875EE073CE2D}.Debug|Any CPU.ActiveCfg = Debug|Any CPU
		{E1911A84-B138-4655-A90E-875EE073CE2D}.Debug|Any CPU.Build.0 = Debug|Any CPU
		{E1911A84-B138-4655-A90E-875EE073CE2D}.Release|Any CPU.ActiveCfg = Release|Any CPU
		{E1911A84-B138-4655-A90E-875EE073CE2D}.Release|Any CPU.Build.0 = Release|Any CPU
	EndGlobalSection
	GlobalSection(SolutionProperties) = preSolution
		HideSolutionNode = FALSE
	EndGlobalSection
	GlobalSection(ExtensibilityGlobals) = postSolution
		SolutionGuid = {FFCEAE54-C768-454B-8F7D-BC032A4FA127}
	EndGlobalSection
EndGlobal
